
Microsoft Visual Studio Solution File, Format Version 12.00
# Visual Studio Version 16
VisualStudioVersion = 16.0.30413.136
MinimumVisualStudioVersion = 10.0.40219.1
Project("{FAE04EC0-301F-11D3-BF4B-00C04F79EFBC}") = "User-Reqistration", "User-Reqistration\User-Reqistration.csproj", "{D1EC5E99-889E-4677-8C49-331635ABF136}"
EndProject
Global
	GlobalSection(SolutionConfigurationPlatforms) = preSolution
		Debug|Any CPU = Debug|Any CPU
		Release|Any CPU = Release|Any CPU
	EndGlobalSection
	GlobalSection(ProjectConfigurationPlatforms) = postSolution
		{D1EC5E99-889E-4677-8C49-331635ABF136}.Debug|Any CPU.ActiveCfg = Debug|Any CPU
		{D1EC5E99-889E-4677-8C49-331635ABF136}.Debug|Any CPU.Build.0 = Debug|Any CPU
		{D1EC5E99-889E-4677-8C49-331635ABF136}.Release|Any CPU.ActiveCfg = Release|Any CPU
		{D1EC5E99-889E-4677-8C49-331635ABF136}.Release|Any CPU.Build.0 = Release|Any CPU
	EndGlobalSection
	GlobalSection(SolutionProperties) = preSolution
		HideSolutionNode = FALSE
	EndGlobalSection
	GlobalSection(ExtensibilityGlobals) = postSolution
		SolutionGuid = {016557A0-317D-41B6-B5CE-2BFFFA75C5A3}
	EndGlobalSection
EndGlobal
